
Microsoft Visual Studio Solution File, Format Version 12.00
# Visual Studio Version 16
VisualStudioVersion = 16.0.30717.126
MinimumVisualStudioVersion = 10.0.40219.1
Project("{8BC9CEB8-8B4A-11D0-8D11-00A0C91BC942}") = "Network proj", "Network proj\Network proj.vcxproj", "{03AE4842-3902-4E0E-A480-A34171C9FD94}"
EndProject
Global
	GlobalSection(SolutionConfigurationPlatforms) = preSolution
		Debug|x64 = Debug|x64
		Debug|x86 = Debug|x86
		Release|x64 = Release|x64
		Release|x86 = Release|x86
	EndGlobalSection
	GlobalSection(ProjectConfigurationPlatforms) = postSolution
		{03AE4842-3902-4E0E-A480-A34171C9FD94}.Debug|x64.ActiveCfg = Debug|x64
		{03AE4842-3902-4E0E-A480-A34171C9FD94}.Debug|x64.Build.0 = Debug|x64
		{03AE4842-3902-4E0E-A480-A34171C9FD94}.Debug|x86.ActiveCfg = Debug|Win32
		{03AE4842-3902-4E0E-A480-A34171C9FD94}.Debug|x86.Build.0 = Debug|Win32
		{03AE4842-3902-4E0E-A480-A34171C9FD94}.Release|x64.ActiveCfg = Release|x64
		{03AE4842-3902-4E0E-A480-A34171C9FD94}.Release|x64.Build.0 = Release|x64
		{03AE4842-3902-4E0E-A480-A34171C9FD94}.Release|x86.ActiveCfg = Release|Win32
		{03AE4842-3902-4E0E-A480-A34171C9FD94}.Release|x86.Build.0 = Release|Win32
	EndGlobalSection
	GlobalSection(SolutionProperties) = preSolution
		HideSolutionNode = FALSE
	EndGlobalSection
	GlobalSection(ExtensibilityGlobals) = postSolution
		SolutionGuid = {238B8AF5-C247-47DD-8F67-9AA40D443B14}
	EndGlobalSection
EndGlobal
